
Microsoft Visual Studio Solution File, Format Version 12.00
# Visual Studio Version 17
VisualStudioVersion = 17.7.34031.279
MinimumVisualStudioVersion = 10.0.40219.1
Project("{FAE04EC0-301F-11D3-BF4B-00C04F79EFBC}") = "sv1761", "sv1761.csproj", "{1762812B-C2A0-44C1-9E92-37181A674AC5}"
EndProject
Global
	GlobalSection(SolutionConfigurationPlatforms) = preSolution
		Debug|Any CPU = Debug|Any CPU
		Release|Any CPU = Release|Any CPU
	EndGlobalSection
	GlobalSection(ProjectConfigurationPlatforms) = postSolution
		{1762812B-C2A0-44C1-9E92-37181A674AC5}.Debug|Any CPU.ActiveCfg = Debug|Any CPU
		{1762812B-C2A0-44C1-9E92-37181A674AC5}.Debug|Any CPU.Build.0 = Debug|Any CPU
		{1762812B-C2A0-44C1-9E92-37181A674AC5}.Release|Any CPU.ActiveCfg = Release|Any CPU
		{1762812B-C2A0-44C1-9E92-37181A674AC5}.Release|Any CPU.Build.0 = Release|Any CPU
	EndGlobalSection
	GlobalSection(SolutionProperties) = preSolution
		HideSolutionNode = FALSE
	EndGlobalSection
	GlobalSection(ExtensibilityGlobals) = postSolution
		SolutionGuid = {385F6224-B427-4868-8BA6-C6537DF143E5}
	EndGlobalSection
EndGlobal
